Microsoft Visual Studio Solution File, Format Version 12.00
# Visual Studio Version 17
VisualStudioVersion = 17.5.2.0
MinimumVisualStudioVersion = 10.0.40219.1
Project("{2150E333-8FDC-42A3-9474-1A3956D46DE8}") = "Primera Part", "Primera Part", "{0243662E-D118-E15E-7922-626ADC8490A4}"
EndProject
Project("{FAE04EC0-301F-11D3-BF4B-00C04F79EFBC}") = "ORM", "Primera Part\ORM\ORM.csproj", "{A319E0F2-354A-96C0-EC09-40BAC3B80B63}"
EndProject
Global
	GlobalSection(SolutionConfigurationPlatforms) = preSolution
		Debug|Any CPU = Debug|Any CPU
		Release|Any CPU = Release|Any CPU
	EndGlobalSection
	GlobalSection(ProjectConfigurationPlatforms) = postSolution
		{A319E0F2-354A-96C0-EC09-40BAC3B80B63}.Debug|Any CPU.ActiveCfg = Debug|Any CPU
		{A319E0F2-354A-96C0-EC09-40BAC3B80B63}.Debug|Any CPU.Build.0 = Debug|Any CPU
		{A319E0F2-354A-96C0-EC09-40BAC3B80B63}.Release|Any CPU.ActiveCfg = Release|Any CPU
		{A319E0F2-354A-96C0-EC09-40BAC3B80B63}.Release|Any CPU.Build.0 = Release|Any CPU
	EndGlobalSection
	GlobalSection(SolutionProperties) = preSolution
		HideSolutionNode = FALSE
	EndGlobalSection
	GlobalSection(NestedProjects) = preSolution
		{A319E0F2-354A-96C0-EC09-40BAC3B80B63} = {0243662E-D118-E15E-7922-626ADC8490A4}
	EndGlobalSection
	GlobalSection(ExtensibilityGlobals) = postSolution
		SolutionGuid = {D737B3D1-2249-416C-BCD7-96E0AD66020A}
	EndGlobalSection
EndGlobal
